<Solution>
  <Project Path="Taxually.TechnicalTest.Application/Taxually.TechnicalTest.Application.csproj" />
  <Project Path="Taxually.TechnicalTest.Contract/Taxually.TechnicalTest.Contract.csproj" />
  <Project Path="Taxually.TechnicalTest.Domain/Taxually.TechnicalTest.Domain.csproj" />
  <Project Path="Taxually.TechnicalTest.Infrastructure/Taxually.TechnicalTest.Infrastructure.csproj" />
  <Project Path="Taxually.TechnicalTest/Taxually.TechnicalTest.csproj" />
</Solution>
